<?xml version="1.0" encoding="utf-8"?>
<Project ToolsVersion="4.0" xmlns="http://schemas.microsoft.com/developer/msbuild/2003">
  <ItemGroup>
    <Filter Include="소스 파일">
      <UniqueIdentifier>{4FC737F1-C7A5-4376-A066-2A32D752A2FF}</UniqueIdentifier>
      <Extensions>cpp;c;cc;cxx;def;odl;idl;hpj;bat;asm;asmx</Extensions>
    </Filter>
    <Filter Include="헤더 파일">
      <UniqueIdentifier>{93995380-89BD-4b04-88EB-625FBE52EBFB}</UniqueIdentifier>
      <Extensions>h;hpp;hxx;hm;inl;inc;xsd</Extensions>
    </Filter>
    <Filter Include="리소스 파일">
      <UniqueIdentifier>{67DA6AB6-F800-4c08-8B7A-83BB121AAD01}</UniqueIdentifier>
      <Extensions>rc;ico;cur;bmp;dlg;rc2;rct;bin;rgs;gif;jpg;jpeg;jpe;resx;tiff;tif;png;wav;mfcribbon-ms</Extensions>
    </Filter>
  </ItemGroup>
  <ItemGroup>
    <ClInclude Include="method.h">
      <Filter>헤더 파일</Filter>
    </ClInclude>
  </ItemGroup>
  <ItemGroup>
    <ClCompile Include="method_5.c">
      <Filter>소스 파일</Filter>
    </ClCompile>
    <ClCompile Include="main.c">
      <Filter>소스 파일</Filter>
    </ClCompile>
    <ClCompile Include="method_1.c">
      <Filter>소스 파일</Filter>
    </ClCompile>
    <ClCompile Include="method_4.c">
      <Filter>소스 파일</Filter>
    </ClCompile>
    <ClCompile Include="method_11.c">
      <Filter>소스 파일</Filter>
    </ClCompile>
    <ClCompile Include="method_50.c">
      <Filter>소스 파일</Filter>
    </ClCompile>
    <ClCompile Include="method_47.c">
      <Filter>소스 파일</Filter>
    </ClCompile>
    <ClCompile Include="method_87.c">
      <Filter>소스 파일</Filter>
    </ClCompile>
    <ClCompile Include="method_84.c">
      <Filter>소스 파일</Filter>
    </ClCompile>
    <ClCompile Include="method_81.c">
      <Filter>소스 파일</Filter>
    </ClCompile>
    <ClCompile Include="method_78.c">
      <Filter>소스 파일</Filter>
    </ClCompile>
    <ClCompile Include="method_75.c">
      <Filter>소스 파일</Filter>
    </ClCompile>
    <ClCompile Include="method_72.c">
      <Filter>소스 파일</Filter>
    </ClCompile>
    <ClCompile Include="method_69.c">
      <Filter>소스 파일</Filter>
    </ClCompile>
    <ClCompile Include="method_66.c">
      <Filter>소스 파일</Filter>
    </ClCompile>
    <ClCompile Include="method_63.c">
      <Filter>소스 파일</Filter>
    </ClCompile>
    <ClCompile Include="method_60.c">
      <Filter>소스 파일</Filter>
    </ClCompile>
    <ClCompile Include="method_57.c">
      <Filter>소스 파일</Filter>
    </ClCompile>
    <ClCompile Include="method_39.c">
      <Filter>소스 파일</Filter>
    </ClCompile>
    <ClCompile Include="method_33.c">
      <Filter>소스 파일</Filter>
    </ClCompile>
    <ClCompile Include="method_30.c">
      <Filter>소스 파일</Filter>
    </ClCompile>
    <ClCompile Include="method_24.c">
      <Filter>소스 파일</Filter>
    </ClCompile>
    <ClCompile Include="method_21.c">
      <Filter>소스 파일</Filter>
    </ClCompile>
    <ClCompile Include="method_18.c">
      <Filter>소스 파일</Filter>
    </ClCompile>
    <ClCompile Include="method_15.c">
      <Filter>소스 파일</Filter>
    </ClCompile>
    <ClCompile Include="method_12.c">
      <Filter>소스 파일</Filter>
    </ClCompile>
    <ClCompile Include="method_9.c">
      <Filter>소스 파일</Filter>
    </ClCompile>
    <ClCompile Include="method_3.c">
      <Filter>소스 파일</Filter>
    </ClCompile>
    <ClCompile Include="method_6.c">
      <Filter>소스 파일</Filter>
    </ClCompile>
    <ClCompile Include="method_94.c">
      <Filter>소스 파일</Filter>
    </ClCompile>
    <ClCompile Include="method_41.c">
      <Filter>소스 파일</Filter>
    </ClCompile>
    <ClCompile Include="method_8.c">
      <Filter>소스 파일</Filter>
    </ClCompile>
    <ClCompile Include="method_2.c">
      <Filter>소스 파일</Filter>
    </ClCompile>
    <ClCompile Include="method_88.c">
      <Filter>소스 파일</Filter>
    </ClCompile>
    <ClCompile Include="method_14.c">
      <Filter>소스 파일</Filter>
    </ClCompile>
    <ClCompile Include="method_17.c">
      <Filter>소스 파일</Filter>
    </ClCompile>
    <ClCompile Include="method_10.c">
      <Filter>소스 파일</Filter>
    </ClCompile>
    <ClCompile Include="method_7.c">
      <Filter>소스 파일</Filter>
    </ClCompile>
    <ClCompile Include="method_26.c">
      <Filter>소스 파일</Filter>
    </ClCompile>
    <ClCompile Include="method_20.c">
      <Filter>소스 파일</Filter>
    </ClCompile>
    <ClCompile Include="method_23.c">
      <Filter>소스 파일</Filter>
    </ClCompile>
    <ClCompile Include="method_13.c">
      <Filter>소스 파일</Filter>
    </ClCompile>
    <ClCompile Include="method_16.c">
      <Filter>소스 파일</Filter>
    </ClCompile>
    <ClCompile Include="method_19.c">
      <Filter>소스 파일</Filter>
    </ClCompile>
  </ItemGroup>
</Project>